// !$*UTF8*$!
{
	archiveVersion = 1;
	classes = {
	};
	objectVersion = 46;
	objects = {

/* Begin PBXBuildFile section */
		C91C1B061AB888C2002614B1 /* AppDelegate.m in Sources */ = {isa = PBXBuildFile; fileRef = C91C1B051AB888C2002614B1 /* AppDelegate.m */; };
		C91C1B081AB888C2002614B1 /* main.m in Sources */ = {isa = PBXBuildFile; fileRef = C91C1B071AB888C2002614B1 /* main.m */; };
		C91C1B0A1AB888C2002614B1 /* Images.xcassets in Resources */ = {isa = PBXBuildFile; fileRef = C91C1B091AB888C2002614B1 /* Images.xcassets */; };
		C91C1B0D1AB888C2002614B1 /* MainMenu.xib in Resources */ = {isa = PBXBuildFile; fileRef = C91C1B0B1AB888C2002614B1 /* MainMenu.xib */; };
		C91C1B191AB888C3002614B1 /* KeyLightsTests.m in Sources */ = {isa = PBXBuildFile; fileRef = C91C1B181AB888C3002614B1 /* KeyLightsTests.m */; };
		C93BE08C1AC035E50003A3D7 /* HIDKeyboardLEDs.c in Sources */ = {isa = PBXBuildFile; fileRef = C93BE08A1AC035E50003A3D7 /* HIDKeyboardLEDs.c */; };
/* End PBXBuildFile section */

/* Begin PBXContainerItemProxy section */
		C91C1B131AB888C3002614B1 /* PBXContainerItemProxy */ = {
			isa = PBXContainerItemProxy;
			containerPortal = C91C1AF71AB888C2002614B1 /* Project object */;
			proxyType = 1;
			remoteGlobalIDString = C91C1AFE1AB888C2002614B1;
			remoteInfo = KeyLights;
		};
/* End PBXContainerItemProxy section */

/* Begin PBXFileReference section */
		C91C1AFF1AB888C2002614B1 /* KeyLights.app */ = {isa = PBXFileReference; explicitFileType = wrapper.application; includeInIndex = 0; path = KeyLights.app; sourceTree = BUILT_PRODUCTS_DIR; };
		C91C1B031AB888C2002614B1 /* Info.plist */ = {isa = PBXFileReference; lastKnownFileType = text.plist.xml; path = Info.plist; sourceTree = "<group>"; };
		C91C1B041AB888C2002614B1 /* AppDelegate.h */ = {isa = PBXFileReference; lastKnownFileType = sourcecode.c.h; path = AppDelegate.h; sourceTree = "<group>"; };
		C91C1B051AB888C2002614B1 /* AppDelegate.m */ = {isa = PBXFileReference; lastKnownFileType = sourcecode.c.objc; path = AppDelegate.m; sourceTree = "<group>"; };
		C91C1B071AB888C2002614B1 /* main.m */ = {isa = PBXFileReference; lastKnownFileType = sourcecode.c.objc; path = main.m; sourceTree = "<group>"; };
		C91C1B091AB888C2002614B1 /* Images.xcassets */ = {isa = PBXFileReference; lastKnownFileType = folder.assetcatalog; path = Images.xcassets; sourceTree = "<group>"; };
		C91C1B0C1AB888C2002614B1 /* Base */ = {isa = PBXFileReference; lastKnownFileType = file.xib; name = Base; path = Base.lproj/MainMenu.xib; sourceTree = "<group>"; };
		C91C1B121AB888C3002614B1 /* KeyLightsTests.xctest */ = {isa = PBXFileReference; explicitFileType = wrapper.cfbundle; includeInIndex = 0; path = KeyLightsTests.xctest; sourceTree = BUILT_PRODUCTS_DIR; };
		C91C1B171AB888C3002614B1 /* Info.plist */ = {isa = PBXFileReference; lastKnownFileType = text.plist.xml; path = Info.plist; sourceTree = "<group>"; };
		C91C1B181AB888C3002614B1 /* KeyLightsTests.m */ = {isa = PBXFileReference; lastKnownFileType = sourcecode.c.objc; path = KeyLightsTests.m; sourceTree = "<group>"; };
		C93BE08A1AC035E50003A3D7 /* HIDKeyboardLEDs.c */ = {isa = PBXFileReference; fileEncoding = 4; lastKnownFileType = sourcecode.c.c; path = HIDKeyboardLEDs.c; sourceTree = "<group>"; };
		C93BE08B1AC035E50003A3D7 /* HIDKeyboardLEDs.h */ = {isa = PBXFileReference; fileEncoding = 4; lastKnownFileType = sourcecode.c.h; path = HIDKeyboardLEDs.h; sourceTree = "<group>"; };
/* End PBXFileReference section */

/* Begin PBXFrameworksBuildPhase section */
		C91C1AFC1AB888C2002614B1 /* Frameworks */ = {
			isa = PBXFrameworksBuildPhase;
			buildActionMask = 2147483647;
			files = (
			);
			runOnlyForDeploymentPostprocessing = 0;
		};
		C91C1B0F1AB888C3002614B1 /* Frameworks */ = {
			isa = PBXFrameworksBuildPhase;
			buildActionMask = 2147483647;
			files = (
			);
			runOnlyForDeploymentPostprocessing = 0;
		};
/* End PBXFrameworksBuildPhase section */

/* Begin PBXGroup section */
		C91C1AF61AB888C2002614B1 = {
			isa = PBXGroup;
			children = (
				C91C1B011AB888C2002614B1 /* KeyLights */,
				C91C1B151AB888C3002614B1 /* KeyLightsTests */,
				C91C1B001AB888C2002614B1 /* Products */,
			);
			sourceTree = "<group>";
		};
		C91C1B001AB888C2002614B1 /* Products */ = {
			isa = PBXGroup;
			children = (
				C91C1AFF1AB888C2002614B1 /* KeyLights.app */,
				C91C1B121AB888C3002614B1 /* KeyLightsTests.xctest */,
			);
			name = Products;
			sourceTree = "<group>";
		};
		C91C1B011AB888C2002614B1 /* KeyLights */ = {
			isa = PBXGroup;
			children = (
				C91C1B041AB888C2002614B1 /* AppDelegate.h */,
				C91C1B051AB888C2002614B1 /* AppDelegate.m */,
				C91C1B091AB888C2002614B1 /* Images.xcassets */,
				C91C1B0B1AB888C2002614B1 /* MainMenu.xib */,
				C91C1B021AB888C2002614B1 /* Supporting Files */,
				C93BE08A1AC035E50003A3D7 /* HIDKeyboardLEDs.c */,
				C93BE08B1AC035E50003A3D7 /* HIDKeyboardLEDs.h */,
			);
			path = KeyLights;
			sourceTree = "<group>";
		};
		C91C1B021AB888C2002614B1 /* Supporting Files */ = {
			isa = PBXGroup;
			children = (
				C91C1B031AB888C2002614B1 /* Info.plist */,
				C91C1B071AB888C2002614B1 /* main.m */,
			);
			name = "Supporting Files";
			sourceTree = "<group>";
		};
		C91C1B151AB888C3002614B1 /* KeyLightsTests */ = {
			isa = PBXGroup;
			children = (
				C91C1B181AB888C3002614B1 /* KeyLightsTests.m */,
				C91C1B161AB888C3002614B1 /* Supporting Files */,
			);
			path = KeyLightsTests;
			sourceTree = "<group>";
		};
		C91C1B161AB888C3002614B1 /* Supporting Files */ = {
			isa = PBXGroup;
			children = (
				C91C1B171AB888C3002614B1 /* Info.plist */,
			);
			name = "Supporting Files";
			sourceTree = "<group>";
		};
/* End PBXGroup section */

/* Begin PBXNativeTarget section */
		C91C1AFE1AB888C2002614B1 /* KeyLights */ = {
			isa = PBXNativeTarget;
			buildConfigurationList = C91C1B1C1AB888C3002614B1 /* Build configuration list for PBXNativeTarget "KeyLights" */;
			buildPhases = (
				C91C1AFB1AB888C2002614B1 /* Sources */,
				C91C1AFC1AB888C2002614B1 /* Frameworks */,
				C91C1AFD1AB888C2002614B1 /* Resources */,
			);
			buildRules = (
			);
			dependencies = (
			);
			name = KeyLights;
			productName = KeyLights;
			productReference = C91C1AFF1AB888C2002614B1 /* KeyLights.app */;
			productType = "com.apple.product-type.application";
		};
		C91C1B111AB888C3002614B1 /* KeyLightsTests */ = {
			isa = PBXNativeTarget;
			buildConfigurationList = C91C1B1F1AB888C3002614B1 /* Build configuration list for PBXNativeTarget "KeyLightsTests" */;
			buildPhases = (
				C91C1B0E1AB888C3002614B1 /* Sources */,
				C91C1B0F1AB888C3002614B1 /* Frameworks */,
				C91C1B101AB888C3002614B1 /* Resources */,
			);
			buildRules = (
			);
			dependencies = (
				C91C1B141AB888C3002614B1 /* PBXTargetDependency */,
			);
			name = KeyLightsTests;
			productName = KeyLightsTests;
			productReference = C91C1B121AB888C3002614B1 /* KeyLightsTests.xctest */;
			productType = "com.apple.product-type.bundle.unit-test";
		};
/* End PBXNativeTarget section */

/* Begin PBXProject section */
		C91C1AF71AB888C2002614B1 /* Project object */ = {
			isa = PBXProject;
			attributes = {
				LastUpgradeCheck = 0610;
				ORGANIZATIONNAME = "Matt Clements";
				TargetAttributes = {
					C91C1AFE1AB888C2002614B1 = {
						CreatedOnToolsVersion = 6.1.1;
					};
					C91C1B111AB888C3002614B1 = {
						CreatedOnToolsVersion = 6.1.1;
						TestTargetID = C91C1AFE1AB888C2002614B1;
					};
				};
			};
			buildConfigurationList = C91C1AFA1AB888C2002614B1 /* Build configuration list for PBXProject "KeyLights" */;
			compatibilityVersion = "Xcode 3.2";
			developmentRegion = English;
			hasScannedForEncodings = 0;
			knownRegions = (
				en,
				Base,
			);
			mainGroup = C91C1AF61AB888C2002614B1;
			productRefGroup = C91C1B001AB888C2002614B1 /* Products */;
			projectDirPath = "";
			projectRoot = "";
			targets = (
				C91C1AFE1AB888C2002614B1 /* KeyLights */,
				C91C1B111AB888C3002614B1 /* KeyLightsTests */,
			);
		};
/* End PBXProject section */

/* Begin PBXResourcesBuildPhase section */
		C91C1AFD1AB888C2002614B1 /* Resources */ = {
			isa = PBXResourcesBuildPhase;
			buildActionMask = 2147483647;
			files = (
				C91C1B0A1AB888C2002614B1 /* Images.xcassets in Resources */,
				C91C1B0D1AB888C2002614B1 /* MainMenu.xib in Resources */,
			);
			runOnlyForDeploymentPostprocessing = 0;
		};
		C91C1B101AB888C3002614B1 /* Resources */ = {
			isa = PBXResourcesBuildPhase;
			buildActionMask = 2147483647;
			files = (
			);
			runOnlyForDeploymentPostprocessing = 0;
		};
/* End PBXResourcesBuildPhase section */

/* Begin PBXSourcesBuildPhase section */
		C91C1AFB1AB888C2002614B1 /* Sources */ = {
			isa = PBXSourcesBuildPhase;
			buildActionMask = 2147483647;
			files = (
				C91C1B081AB888C2002614B1 /* main.m in Sources */,
				C91C1B061AB888C2002614B1 /* AppDelegate.m in Sources */,
				C93BE08C1AC035E50003A3D7 /* HIDKeyboardLEDs.c in Sources */,
			);
			runOnlyForDeploymentPostprocessing = 0;
		};
		C91C1B0E1AB888C3002614B1 /* Sources */ = {
			isa = PBXSourcesBuildPhase;
			buildActionMask = 2147483647;
			files = (
				C91C1B191AB888C3002614B1 /* KeyLightsTests.m in Sources */,
			);
			runOnlyForDeploymentPostprocessing = 0;
		};
/* End PBXSourcesBuildPhase section */

/* Begin PBXTargetDependency section */
		C91C1B141AB888C3002614B1 /* PBXTargetDependency */ = {
			isa = PBXTargetDependency;
			target = C91C1AFE1AB888C2002614B1 /* KeyLights */;
			targetProxy = C91C1B131AB888C3002614B1 /* PBXContainerItemProxy */;
		};
/* End PBXTargetDependency section */

/* Begin PBXVariantGroup section */
		C91C1B0B1AB888C2002614B1 /* MainMenu.xib */ = {
			isa = PBXVariantGroup;
			children = (
				C91C1B0C1AB888C2002614B1 /* Base */,
			);
			name = MainMenu.xib;
			sourceTree = "<group>";
		};
/* End PBXVariantGroup section */

/* Begin XCBuildConfiguration section */
		C91C1B1A1AB888C3002614B1 /* Debug */ = {
			isa = XCBuildConfiguration;
			buildSettings = {
				ALWAYS_SEARCH_USER_PATHS = NO;
				CLANG_CXX_LANGUAGE_STANDARD = "gnu++0x";
				CLANG_CXX_LIBRARY = "libc++";
				CLANG_ENABLE_MODULES = YES;
				CLANG_ENABLE_OBJC_ARC = YES;
				CLANG_WARN_BOOL_CONVERSION = YES;
				CLANG_WARN_CONSTANT_CONVERSION = YES;
				CLANG_WARN_DIRECT_OBJC_ISA_USAGE = YES_ERROR;
				CLANG_WARN_EMPTY_BODY = YES;
				CLANG_WARN_ENUM_CONVERSION = YES;
				CLANG_WARN_INT_CONVERSION = YES;
				CLANG_WARN_OBJC_ROOT_CLASS = YES_ERROR;
				CLANG_WARN_UNREACHABLE_CODE = YES;
				CLANG_WARN__DUPLICATE_METHOD_MATCH = YES;
				CODE_SIGN_IDENTITY = "-";
				COPY_PHASE_STRIP = NO;
				ENABLE_STRICT_OBJC_MSGSEND = YES;
				GCC_C_LANGUAGE_STANDARD = gnu99;
				GCC_DYNAMIC_NO_PIC = NO;
				GCC_OPTIMIZATION_LEVEL = 0;
				GCC_PREPROCESSOR_DEFINITIONS = (
					"DEBUG=1",
					"$(inherited)",
				);
				GCC_SYMBOLS_PRIVATE_EXTERN = NO;
				GCC_WARN_64_TO_32_BIT_CONVERSION = YES;
				GCC_WARN_ABOUT_RETURN_TYPE = YES_ERROR;
				GCC_WARN_UNDECLARED_SELECTOR = YES;
				GCC_WARN_UNINITIALIZED_AUTOS = YES_AGGRESSIVE;
				GCC_WARN_UNUSED_FUNCTION = YES;
				GCC_WARN_UNUSED_VARIABLE = YES;
				MACOSX_DEPLOYMENT_TARGET = 10.10;
				MTL_ENABLE_DEBUG_INFO = YES;
				ONLY_ACTIVE_ARCH = YES;
				SDKROOT = macosx;
			};
			name = Debug;
		};
		C91C1B1B1AB888C3002614B1 /* Release */ = {
			isa = XCBuildConfiguration;
			buildSettings = {
				ALWAYS_SEARCH_USER_PATHS = NO;
				CLANG_CXX_LANGUAGE_STANDARD = "gnu++0x";
				CLANG_CXX_LIBRARY = "libc++";
				CLANG_ENABLE_MODULES = YES;
				CLANG_ENABLE_OBJC_ARC = YES;
				CLANG_WARN_BOOL_CONVERSION = YES;
				CLANG_WARN_CONSTANT_CONVERSION = YES;
				CLANG_WARN_DIRECT_OBJC_ISA_USAGE = YES_ERROR;
				CLANG_WARN_EMPTY_BODY = YES;
				CLANG_WARN_ENUM_CONVERSION = YES;
				CLANG_WARN_INT_CONVERSION = YES;
				CLANG_WARN_OBJC_ROOT_CLASS = YES_ERROR;
				CLANG_WARN_UNREACHABLE_CODE = YES;
				CLANG_WARN__DUPLICATE_METHOD_MATCH = YES;
				CODE_SIGN_IDENTITY = "-";
				COPY_PHASE_STRIP = YES;
				DEBUG_INFORMATION_FORMAT = "dwarf-with-dsym";
				ENABLE_NS_ASSERTIONS = NO;
				ENABLE_STRICT_OBJC_MSGSEND = YES;
				GCC_C_LANGUAGE_STANDARD = gnu99;
				GCC_WARN_64_TO_32_BIT_CONVERSION = YES;
				GCC_WARN_ABOUT_RETURN_TYPE = YES_ERROR;
				GCC_WARN_UNDECLARED_SELECTOR = YES;
				GCC_WARN_UNINITIALIZED_AUTOS = YES_AGGRESSIVE;
				GCC_WARN_UNUSED_FUNCTION = YES;
				GCC_WARN_UNUSED_VARIABLE = YES;
				MACOSX_DEPLOYMENT_TARGET = 10.10;
				MTL_ENABLE_DEBUG_INFO = NO;
				SDKROOT = macosx;
			};
			name = Release;
		};
		C91C1B1D1AB888C3002614B1 /* Debug */ = {
			isa = XCBuildConfiguration;
			buildSettings = {
				ASSETCATALOG_COMPILER_APPICON_NAME = AppIcon;
				COMBINE_HIDPI_IMAGES = YES;
				INFOPLIST_FILE = KeyLights/Info.plist;
				LD_RUNPATH_SEARCH_PATHS = "$(inherited) @executable_path/../Frameworks";
				PRODUCT_NAME = "$(TARGET_NAME)";
			};
			name = Debug;
		};
		C91C1B1E1AB888C3002614B1 /* Release */ = {
			isa = XCBuildConfiguration;
			buildSettings = {
				ASSETCATALOG_COMPILER_APPICON_NAME = AppIcon;
				COMBINE_HIDPI_IMAGES = YES;
				INFOPLIST_FILE = KeyLights/Info.plist;
				LD_RUNPATH_SEARCH_PATHS = "$(inherited) @executable_path/../Frameworks";
				PRODUCT_NAME = "$(TARGET_NAME)";
			};
			name = Release;
		};
		C91C1B201AB888C3002614B1 /* Debug */ = {
			isa = XCBuildConfiguration;
			buildSettings = {
				BUNDLE_LOADER = "$(TEST_HOST)";
				COMBINE_HIDPI_IMAGES = YES;
				FRAMEWORK_SEARCH_PATHS = (
					"$(DEVELOPER_FRAMEWORKS_DIR)",
					"$(inherited)",
				);
				GCC_PREPROCESSOR_DEFINITIONS = (
					"DEBUG=1",
					"$(inherited)",
				);
				INFOPLIST_FILE = KeyLightsTests/Info.plist;
				LD_RUNPATH_SEARCH_PATHS = "$(inherited) @executable_path/../Frameworks @loader_path/../Frameworks";
				PRODUCT_NAME = "$(TARGET_NAME)";
				TEST_HOST = "$(BUILT_PRODUCTS_DIR)/KeyLights.app/Contents/MacOS/KeyLights";
			};
			name = Debug;
		};
		C91C1B211AB888C3002614B1 /* Release */ = {
			isa = XCBuildConfiguration;
			buildSettings = {
				BUNDLE_LOADER = "$(TEST_HOST)";
				COMBINE_HIDPI_IMAGES = YES;
				FRAMEWORK_SEARCH_PATHS = (
					"$(DEVELOPER_FRAMEWORKS_DIR)",
					"$(inherited)",
				);
				INFOPLIST_FILE = KeyLightsTests/Info.plist;
				LD_RUNPATH_SEARCH_PATHS = "$(inherited) @executable_path/../Frameworks @loader_path/../Frameworks";
				PRODUCT_NAME = "$(TARGET_NAME)";
				TEST_HOST = "$(BUILT_PRODUCTS_DIR)/KeyLights.app/Contents/MacOS/KeyLights";
			};
			name = Release;
		};
/* End XCBuildConfiguration section */

/* Begin XCConfigurationList section */
		C91C1AFA1AB888C2002614B1 /* Build configuration list for PBXProject "KeyLights" */ = {
			isa = XCConfigurationList;
			buildConfigurations = (
				C91C1B1A1AB888C3002614B1 /* Debug */,
				C91C1B1B1AB888C3002614B1 /* Release */,
			);
			defaultConfigurationIsVisible = 0;
			defaultConfigurationName = Release;
		};
		C91C1B1C1AB888C3002614B1 /* Build configuration list for PBXNativeTarget "KeyLights" */ = {
			isa = XCConfigurationList;
			buildConfigurations = (
				C91C1B1D1AB888C3002614B1 /* Debug */,
				C91C1B1E1AB888C3002614B1 /* Release */,
			);
			defaultConfigurationIsVisible = 0;
			defaultConfigurationName = Release;
		};
		C91C1B1F1AB888C3002614B1 /* Build configuration list for PBXNativeTarget "KeyLightsTests" */ = {
			isa = XCConfigurationList;
			buildConfigurations = (
				C91C1B201AB888C3002614B1 /* Debug */,
				C91C1B211AB888C3002614B1 /* Release */,
			);
			defaultConfigurationIsVisible = 0;
			defaultConfigurationName = Release;
		};
/* End XCConfigurationList section */
	};
	rootObject = C91C1AF71AB888C2002614B1 /* Project object */;
}
